
Microsoft Visual Studio Solution File, Format Version 12.00
# Visual Studio Version 17
VisualStudioVersion = 17.0.32112.339
MinimumVisualStudioVersion = 10.0.40219.1
Project("{9A19103F-16F7-4668-BE54-9A1E7A4F7556}") = "ElsaWorkFLow", "ElsaWorkFLow\ElsaWorkFLow.csproj", "{9C8FF09C-2603-4CC5-8497-BCED0AE3FBC5}"
EndProject
Global
	GlobalSection(SolutionConfigurationPlatforms) = preSolution
		Debug|Any CPU = Debug|Any CPU
		Release|Any CPU = Release|Any CPU
	EndGlobalSection
	GlobalSection(ProjectConfigurationPlatforms) = postSolution
		{9C8FF09C-2603-4CC5-8497-BCED0AE3FBC5}.Debug|Any CPU.ActiveCfg = Debug|Any CPU
		{9C8FF09C-2603-4CC5-8497-BCED0AE3FBC5}.Debug|Any CPU.Build.0 = Debug|Any CPU
		{9C8FF09C-2603-4CC5-8497-BCED0AE3FBC5}.Release|Any CPU.ActiveCfg = Release|Any CPU
		{9C8FF09C-2603-4CC5-8497-BCED0AE3FBC5}.Release|Any CPU.Build.0 = Release|Any CPU
	EndGlobalSection
	GlobalSection(SolutionProperties) = preSolution
		HideSolutionNode = FALSE
	EndGlobalSection
	GlobalSection(ExtensibilityGlobals) = postSolution
		SolutionGuid = {26695856-7796-4AFA-ACB8-6AE894B74CF0}
	EndGlobalSection
EndGlobal
