
Microsoft Visual Studio Solution File, Format Version 12.00
# Visual Studio Version 17
VisualStudioVersion = 17.0.32112.339
MinimumVisualStudioVersion = 10.0.40219.1
Project("{9A19103F-16F7-4668-BE54-9A1E7A4F7556}") = "ElsaQuickstarts.WebApp.HelloWorld", "ElsaQuickstarts.WebApp.HelloWorld.csproj", "{BF516636-E6F4-4F25-B39A-CDD4B5CCB342}"
EndProject
Global
	GlobalSection(SolutionConfigurationPlatforms) = preSolution
		Debug|Any CPU = Debug|Any CPU
		Release|Any CPU = Release|Any CPU
	EndGlobalSection
	GlobalSection(ProjectConfigurationPlatforms) = postSolution
		{BF516636-E6F4-4F25-B39A-CDD4B5CCB342}.Debug|Any CPU.ActiveCfg = Debug|Any CPU
		{BF516636-E6F4-4F25-B39A-CDD4B5CCB342}.Debug|Any CPU.Build.0 = Debug|Any CPU
		{BF516636-E6F4-4F25-B39A-CDD4B5CCB342}.Release|Any CPU.ActiveCfg = Release|Any CPU
		{BF516636-E6F4-4F25-B39A-CDD4B5CCB342}.Release|Any CPU.Build.0 = Release|Any CPU
	EndGlobalSection
	GlobalSection(SolutionProperties) = preSolution
		HideSolutionNode = FALSE
	EndGlobalSection
	GlobalSection(ExtensibilityGlobals) = postSolution
		SolutionGuid = {FD20ADC3-A90D-4AB5-B4C4-35A8CF6CDD0D}
	EndGlobalSection
EndGlobal
